
Microsoft Visual Studio Solution File, Format Version 12.00
# Visual Studio Version 17
VisualStudioVersion = 17.12.35506.116
MinimumVisualStudioVersion = 10.0.40219.1
Project("{FAE04EC0-301F-11D3-BF4B-00C04F79EFBC}") = "PrequinReact.Server", "PrequinReact.Server\PrequinReact.Server.csproj", "{4CF753DF-1DE5-4527-8B6C-D642B80F3B16}"
EndProject
Project("{54A90642-561A-4BB1-A94E-469ADEE60C69}") = "prequinreact.client", "prequinreact.client\prequinreact.client.esproj", "{65ECF59C-CDA7-41BD-B8EF-22F7F114B4DD}"
EndProject
Project("{FAE04EC0-301F-11D3-BF4B-00C04F79EFBC}") = "Prequin.Tests", "Prequin.Tests\Prequin.Tests.csproj", "{0135DD4D-C9CB-4559-A458-655928C9BDBB}"
EndProject
Global
	GlobalSection(SolutionConfigurationPlatforms) = preSolution
		Debug|Any CPU = Debug|Any CPU
		Release|Any CPU = Release|Any CPU
	EndGlobalSection
	GlobalSection(ProjectConfigurationPlatforms) = postSolution
		{4CF753DF-1DE5-4527-8B6C-D642B80F3B16}.Debug|Any CPU.ActiveCfg = Debug|Any CPU
		{4CF753DF-1DE5-4527-8B6C-D642B80F3B16}.Debug|Any CPU.Build.0 = Debug|Any CPU
		{4CF753DF-1DE5-4527-8B6C-D642B80F3B16}.Release|Any CPU.ActiveCfg = Release|Any CPU
		{4CF753DF-1DE5-4527-8B6C-D642B80F3B16}.Release|Any CPU.Build.0 = Release|Any CPU
		{65ECF59C-CDA7-41BD-B8EF-22F7F114B4DD}.Debug|Any CPU.ActiveCfg = Debug|Any CPU
		{65ECF59C-CDA7-41BD-B8EF-22F7F114B4DD}.Debug|Any CPU.Build.0 = Debug|Any CPU
		{65ECF59C-CDA7-41BD-B8EF-22F7F114B4DD}.Debug|Any CPU.Deploy.0 = Debug|Any CPU
		{65ECF59C-CDA7-41BD-B8EF-22F7F114B4DD}.Release|Any CPU.ActiveCfg = Release|Any CPU
		{65ECF59C-CDA7-41BD-B8EF-22F7F114B4DD}.Release|Any CPU.Build.0 = Release|Any CPU
		{65ECF59C-CDA7-41BD-B8EF-22F7F114B4DD}.Release|Any CPU.Deploy.0 = Release|Any CPU
		{0135DD4D-C9CB-4559-A458-655928C9BDBB}.Debug|Any CPU.ActiveCfg = Debug|Any CPU
		{0135DD4D-C9CB-4559-A458-655928C9BDBB}.Debug|Any CPU.Build.0 = Debug|Any CPU
		{0135DD4D-C9CB-4559-A458-655928C9BDBB}.Release|Any CPU.ActiveCfg = Release|Any CPU
		{0135DD4D-C9CB-4559-A458-655928C9BDBB}.Release|Any CPU.Build.0 = Release|Any CPU
	EndGlobalSection
	GlobalSection(SolutionProperties) = preSolution
		HideSolutionNode = FALSE
	EndGlobalSection
EndGlobal
